<Solution>
  <Folder Name="/chatrabash.server/">
    <Project Path="chatrabash.server/API/API.csproj" />
    <Project Path="chatrabash.server/Application/Application.csproj" />
    <Project Path="chatrabash.server/Domain/Domain.csproj" />
    <Project Path="chatrabash.server/Persistence/Persistence.csproj" />
  </Folder>
  <Project Path="chatrabash.client/chatrabash.client.esproj" />
</Solution>
